
Microsoft Visual Studio Solution File, Format Version 12.00
# Visual Studio 14
VisualStudioVersion = 14.0.24720.0
MinimumVisualStudioVersion = 10.0.40219.1
Project("{FAE04EC0-301F-11D3-BF4B-00C04F79EFBC}") = "EnterpriseServices", "EnterpriseServices\EnterpriseServices.csproj", "{A2E7D482-BE70-400E-8599-F3139E615AAF}"
EndProject
Project("{FAE04EC0-301F-11D3-BF4B-00C04F79EFBC}") = "EnterpriseDomain", "EnterpriseDomain\EnterpriseDomain.csproj", "{D27595E5-1FED-4D12-94F1-9E7AFEEA911C}"
EndProject
Project("{FAE04EC0-301F-11D3-BF4B-00C04F79EFBC}") = "EnterpriseBusiness", "EnterpriseBusiness\EnterpriseBusiness.csproj", "{A8F7C252-351E-41F1-9DD9-C54050239702}"
EndProject
Project("{FAE04EC0-301F-11D3-BF4B-00C04F79EFBC}") = "EnterpriseDataAcess", "EnterpriseDataAcess\EnterpriseDataAcess.csproj", "{C9231681-D215-4B64-A675-2ECFF37AFD0C}"
EndProject
Global
	GlobalSection(SolutionConfigurationPlatforms) = preSolution
		Debug|Any CPU = Debug|Any CPU
		Release|Any CPU = Release|Any CPU
	EndGlobalSection
	GlobalSection(ProjectConfigurationPlatforms) = postSolution
		{A2E7D482-BE70-400E-8599-F3139E615AAF}.Debug|Any CPU.ActiveCfg = Debug|Any CPU
		{A2E7D482-BE70-400E-8599-F3139E615AAF}.Debug|Any CPU.Build.0 = Debug|Any CPU
		{A2E7D482-BE70-400E-8599-F3139E615AAF}.Release|Any CPU.ActiveCfg = Release|Any CPU
		{A2E7D482-BE70-400E-8599-F3139E615AAF}.Release|Any CPU.Build.0 = Release|Any CPU
		{D27595E5-1FED-4D12-94F1-9E7AFEEA911C}.Debug|Any CPU.ActiveCfg = Debug|Any CPU
		{D27595E5-1FED-4D12-94F1-9E7AFEEA911C}.Debug|Any CPU.Build.0 = Debug|Any CPU
		{D27595E5-1FED-4D12-94F1-9E7AFEEA911C}.Release|Any CPU.ActiveCfg = Release|Any CPU
		{D27595E5-1FED-4D12-94F1-9E7AFEEA911C}.Release|Any CPU.Build.0 = Release|Any CPU
		{A8F7C252-351E-41F1-9DD9-C54050239702}.Debug|Any CPU.ActiveCfg = Debug|Any CPU
		{A8F7C252-351E-41F1-9DD9-C54050239702}.Debug|Any CPU.Build.0 = Debug|Any CPU
		{A8F7C252-351E-41F1-9DD9-C54050239702}.Release|Any CPU.ActiveCfg = Release|Any CPU
		{A8F7C252-351E-41F1-9DD9-C54050239702}.Release|Any CPU.Build.0 = Release|Any CPU
		{C9231681-D215-4B64-A675-2ECFF37AFD0C}.Debug|Any CPU.ActiveCfg = Debug|Any CPU
		{C9231681-D215-4B64-A675-2ECFF37AFD0C}.Debug|Any CPU.Build.0 = Debug|Any CPU
		{C9231681-D215-4B64-A675-2ECFF37AFD0C}.Release|Any CPU.ActiveCfg = Release|Any CPU
		{C9231681-D215-4B64-A675-2ECFF37AFD0C}.Release|Any CPU.Build.0 = Release|Any CPU
	EndGlobalSection
	GlobalSection(SolutionProperties) = preSolution
		HideSolutionNode = FALSE
	EndGlobalSection
EndGlobal
